
Microsoft Visual Studio Solution File, Format Version 12.00
# Visual Studio Version 17
VisualStudioVersion = 17.4.33110.190
MinimumVisualStudioVersion = 10.0.40219.1
Project("{FAE04EC0-301F-11D3-BF4B-00C04F79EFBC}") = "weatherParse", "weatherParse\weatherParse.csproj", "{B2FE1C5B-0A73-452B-A21D-0DA0AD04ED4F}"
EndProject
Global
	GlobalSection(SolutionConfigurationPlatforms) = preSolution
		Debug|Any CPU = Debug|Any CPU
		Release|Any CPU = Release|Any CPU
	EndGlobalSection
	GlobalSection(ProjectConfigurationPlatforms) = postSolution
		{B2FE1C5B-0A73-452B-A21D-0DA0AD04ED4F}.Debug|Any CPU.ActiveCfg = Debug|Any CPU
		{B2FE1C5B-0A73-452B-A21D-0DA0AD04ED4F}.Debug|Any CPU.Build.0 = Debug|Any CPU
		{B2FE1C5B-0A73-452B-A21D-0DA0AD04ED4F}.Release|Any CPU.ActiveCfg = Release|Any CPU
		{B2FE1C5B-0A73-452B-A21D-0DA0AD04ED4F}.Release|Any CPU.Build.0 = Release|Any CPU
	EndGlobalSection
	GlobalSection(SolutionProperties) = preSolution
		HideSolutionNode = FALSE
	EndGlobalSection
	GlobalSection(ExtensibilityGlobals) = postSolution
		SolutionGuid = {A53E7705-FAC7-4F0C-A54D-228A87A03194}
	EndGlobalSection
EndGlobal
